// !$*UTF8*$!
{
	archiveVersion = 1;
	classes = {
	};
	objectVersion = 47;
	objects = {

/* Begin PBXBuildFile section */
		4203B8A21E60523F00E1C9C0 /* Response.swift in Sources */ = {isa = PBXBuildFile; fileRef = 4203B8A11E60523F00E1C9C0 /* Response.swift */; };
		4298C0FE1E4A049400C6A6BE /* Socket.swift in Sources */ = {isa = PBXBuildFile; fileRef = 4298C0FD1E4A049400C6A6BE /* Socket.swift */; };
		4298C1001E4A04A100C6A6BE /* Starscream.framework in Frameworks */ = {isa = PBXBuildFile; fileRef = 4298C0FF1E4A04A100C6A6BE /* Starscream.framework */; };
		42CBFBF01E5B4AD300284603 /* ExampleTests.swift in Sources */ = {isa = PBXBuildFile; fileRef = 42CBFBEF1E5B4AD300284603 /* ExampleTests.swift */; };
		42CBFBFB1E5B4AD300284603 /* ExampleUITests.swift in Sources */ = {isa = PBXBuildFile; fileRef = 42CBFBFA1E5B4AD300284603 /* ExampleUITests.swift */; };
		42CBFC071E5B4C3300284603 /* Starscream.framework in Frameworks */ = {isa = PBXBuildFile; fileRef = 4298C0FF1E4A04A100C6A6BE /* Starscream.framework */; };
		42CBFC081E5B4C3600284603 /* FromTheAshes.framework in Frameworks */ = {isa = PBXBuildFile; fileRef = 52D6D97C1BEFF229002C0205 /* FromTheAshes.framework */; };
		42CBFC0E1E5B4E5C00284603 /* Channel.swift in Sources */ = {isa = PBXBuildFile; fileRef = 42CBFC0A1E5B4E5C00284603 /* Channel.swift */; };
		42CBFC0F1E5B4E5C00284603 /* Event.swift in Sources */ = {isa = PBXBuildFile; fileRef = 42CBFC0B1E5B4E5C00284603 /* Event.swift */; };
		42CBFC101E5B4E5C00284603 /* Presence.swift in Sources */ = {isa = PBXBuildFile; fileRef = 42CBFC0C1E5B4E5C00284603 /* Presence.swift */; };
		42CBFC111E5B4E5C00284603 /* Push.swift in Sources */ = {isa = PBXBuildFile; fileRef = 42CBFC0D1E5B4E5C00284603 /* Push.swift */; };
		42CBFC151E5B4E7600284603 /* AppDelegate.swift in Sources */ = {isa = PBXBuildFile; fileRef = 42CBFC121E5B4E7600284603 /* AppDelegate.swift */; };
		42CBFC161E5B4E7600284603 /* Assets.xcassets in Resources */ = {isa = PBXBuildFile; fileRef = 42CBFC131E5B4E7600284603 /* Assets.xcassets */; };
		42CBFC171E5B4E7600284603 /* ViewController.swift in Sources */ = {isa = PBXBuildFile; fileRef = 42CBFC141E5B4E7600284603 /* ViewController.swift */; };
		42CBFC1A1E5B4EAD00284603 /* URL+Params.swift in Sources */ = {isa = PBXBuildFile; fileRef = 42CBFC191E5B4EAD00284603 /* URL+Params.swift */; };
		42CBFC1C1E5B6A3F00284603 /* Main.storyboard in Resources */ = {isa = PBXBuildFile; fileRef = 42CBFC1B1E5B6A3F00284603 /* Main.storyboard */; };
		42CBFC221E5B6A9500284603 /* LaunchScreen.storyboard in Resources */ = {isa = PBXBuildFile; fileRef = 42CBFC211E5B6A9500284603 /* LaunchScreen.storyboard */; };
		42CBFC241E5B6AC800284603 /* Info.plist in Resources */ = {isa = PBXBuildFile; fileRef = 42CBFC231E5B6AC800284603 /* Info.plist */; };
		42CBFC271E5B783D00284603 /* Socket+Heartbeat.swift in Sources */ = {isa = PBXBuildFile; fileRef = 42CBFC251E5B782C00284603 /* Socket+Heartbeat.swift */; };
		52D6D9871BEFF229002C0205 /* FromTheAshes.framework in Frameworks */ = {isa = PBXBuildFile; fileRef = 52D6D97C1BEFF229002C0205 /* FromTheAshes.framework */; };
		52D6D99B1BEFF375002C0205 /* FromTheAshesTests.swift in Sources */ = {isa = PBXBuildFile; fileRef = 52D6D9971BEFF375002C0205 /* FromTheAshesTests.swift */; };
/* End PBXBuildFile section */

/* Begin PBXContainerItemProxy section */
		42CBFBEC1E5B4AD300284603 /* PBXContainerItemProxy */ = {
			isa = PBXContainerItemProxy;
			containerPortal = 52D6D9731BEFF229002C0205 /* Project object */;
			proxyType = 1;
			remoteGlobalIDString = 42CBFBD71E5B4AD300284603;
			remoteInfo = Example;
		};
		42CBFBF71E5B4AD300284603 /* PBXContainerItemProxy */ = {
			isa = PBXContainerItemProxy;
			containerPortal = 52D6D9731BEFF229002C0205 /* Project object */;
			proxyType = 1;
			remoteGlobalIDString = 42CBFBD71E5B4AD300284603;
			remoteInfo = Example;
		};
		52D6D9881BEFF229002C0205 /* PBXContainerItemProxy */ = {
			isa = PBXContainerItemProxy;
			containerPortal = 52D6D9731BEFF229002C0205 /* Project object */;
			proxyType = 1;
			remoteGlobalIDString = 52D6D97B1BEFF229002C0205;
			remoteInfo = FromTheAshes;
		};
/* End PBXContainerItemProxy section */

/* Begin PBXFileReference section */
		4203B8A11E60523F00E1C9C0 /* Response.swift */ = {isa = PBXFileReference; fileEncoding = 4; lastKnownFileType = sourcecode.swift; path = Response.swift; sourceTree = "<group>"; };
		4298C0DF1E4A027A00C6A6BE /* FromTheAshes-ExampleTests.xctest */ = {isa = PBXFileReference; explicitFileType = wrapper.cfbundle; includeInIndex = 0; path = "FromTheAshes-ExampleTests.xctest"; sourceTree = BUILT_PRODUCTS_DIR; };
		4298C0EA1E4A027A00C6A6BE /* FromTheAshes-ExampleUITests.xctest */ = {isa = PBXFileReference; explicitFileType = wrapper.cfbundle; includeInIndex = 0; path = "FromTheAshes-ExampleUITests.xctest"; sourceTree = BUILT_PRODUCTS_DIR; };
		4298C0FD1E4A049400C6A6BE /* Socket.swift */ = {isa = PBXFileReference; fileEncoding = 4; lastKnownFileType = sourcecode.swift; name = Socket.swift; path = Sources/Socket.swift; sourceTree = "<group>"; };
		4298C0FF1E4A04A100C6A6BE /* Starscream.framework */ = {isa = PBXFileReference; lastKnownFileType = wrapper.framework; name = Starscream.framework; path = Carthage/Build/iOS/Starscream.framework; sourceTree = "<group>"; };
		42CBFBD81E5B4AD300284603 /* Example.app */ = {isa = PBXFileReference; explicitFileType = wrapper.application; includeInIndex = 0; path = Example.app; sourceTree = BUILT_PRODUCTS_DIR; };
		42CBFBEB1E5B4AD300284603 /* ExampleTests.xctest */ = {isa = PBXFileReference; explicitFileType = wrapper.cfbundle; includeInIndex = 0; path = ExampleTests.xctest; sourceTree = BUILT_PRODUCTS_DIR; };
		42CBFBEF1E5B4AD300284603 /* ExampleTests.swift */ = {isa = PBXFileReference; lastKnownFileType = sourcecode.swift; path = ExampleTests.swift; sourceTree = "<group>"; };
		42CBFBF11E5B4AD300284603 /* Info.plist */ = {isa = PBXFileReference; lastKnownFileType = text.plist.xml; path = Info.plist; sourceTree = "<group>"; };
		42CBFBF61E5B4AD300284603 /* ExampleUITests.xctest */ = {isa = PBXFileReference; explicitFileType = wrapper.cfbundle; includeInIndex = 0; path = ExampleUITests.xctest; sourceTree = BUILT_PRODUCTS_DIR; };
		42CBFBFA1E5B4AD300284603 /* ExampleUITests.swift */ = {isa = PBXFileReference; lastKnownFileType = sourcecode.swift; path = ExampleUITests.swift; sourceTree = "<group>"; };
		42CBFBFC1E5B4AD300284603 /* Info.plist */ = {isa = PBXFileReference; lastKnownFileType = text.plist.xml; path = Info.plist; sourceTree = "<group>"; };
		42CBFC0A1E5B4E5C00284603 /* Channel.swift */ = {isa = PBXFileReference; fileEncoding = 4; lastKnownFileType = sourcecode.swift; name = Channel.swift; path = Sources/Channel.swift; sourceTree = "<group>"; };
		42CBFC0B1E5B4E5C00284603 /* Event.swift */ = {isa = PBXFileReference; fileEncoding = 4; lastKnownFileType = sourcecode.swift; name = Event.swift; path = Sources/Event.swift; sourceTree = "<group>"; };
		42CBFC0C1E5B4E5C00284603 /* Presence.swift */ = {isa = PBXFileReference; fileEncoding = 4; lastKnownFileType = sourcecode.swift; name = Presence.swift; path = Sources/Presence.swift; sourceTree = "<group>"; };
		42CBFC0D1E5B4E5C00284603 /* Push.swift */ = {isa = PBXFileReference; fileEncoding = 4; lastKnownFileType = sourcecode.swift; name = Push.swift; path = Sources/Push.swift; sourceTree = "<group>"; };
		42CBFC121E5B4E7600284603 /* AppDelegate.swift */ = {isa = PBXFileReference; fileEncoding = 4; lastKnownFileType = sourcecode.swift; name = AppDelegate.swift; path = Example/AppDelegate.swift; sourceTree = "<group>"; };
		42CBFC131E5B4E7600284603 /* Assets.xcassets */ = {isa = PBXFileReference; lastKnownFileType = folder.assetcatalog; name = Assets.xcassets; path = Example/Assets.xcassets; sourceTree = "<group>"; };
		42CBFC141E5B4E7600284603 /* ViewController.swift */ = {isa = PBXFileReference; fileEncoding = 4; lastKnownFileType = sourcecode.swift; name = ViewController.swift; path = Example/ViewController.swift; sourceTree = "<group>"; };
		42CBFC191E5B4EAD00284603 /* URL+Params.swift */ = {isa = PBXFileReference; fileEncoding = 4; lastKnownFileType = sourcecode.swift; path = "URL+Params.swift"; sourceTree = "<group>"; };
		42CBFC1B1E5B6A3F00284603 /* Main.storyboard */ = {isa = PBXFileReference; fileEncoding = 4; lastKnownFileType = file.storyboard; name = Main.storyboard; path = Example/Main.storyboard; sourceTree = "<group>"; };
		42CBFC211E5B6A9500284603 /* LaunchScreen.storyboard */ = {isa = PBXFileReference; fileEncoding = 4; lastKnownFileType = file.storyboard; name = LaunchScreen.storyboard; path = Example/LaunchScreen.storyboard; sourceTree = "<group>"; };
		42CBFC231E5B6AC800284603 /* Info.plist */ = {isa = PBXFileReference; fileEncoding = 4; lastKnownFileType = text.plist.xml; name = Info.plist; path = Example/Info.plist; sourceTree = "<group>"; };
		42CBFC251E5B782C00284603 /* Socket+Heartbeat.swift */ = {isa = PBXFileReference; fileEncoding = 4; lastKnownFileType = sourcecode.swift; path = "Socket+Heartbeat.swift"; sourceTree = "<group>"; };
		52D6D97C1BEFF229002C0205 /* FromTheAshes.framework */ = {isa = PBXFileReference; explicitFileType = wrapper.framework; includeInIndex = 0; path = FromTheAshes.framework; sourceTree = BUILT_PRODUCTS_DIR; };
		52D6D9861BEFF229002C0205 /* FromTheAshes-iOS Tests.xctest */ = {isa = PBXFileReference; explicitFileType = wrapper.cfbundle; includeInIndex = 0; path = "FromTheAshes-iOS Tests.xctest"; sourceTree = BUILT_PRODUCTS_DIR; };
		52D6D9971BEFF375002C0205 /* FromTheAshesTests.swift */ = {isa = PBXFileReference; fileEncoding = 4; lastKnownFileType = sourcecode.swift; name = FromTheAshesTests.swift; path = Tests/FromTheAshesTests/FromTheAshesTests.swift; sourceTree = "<group>"; };
		AD2FAA261CD0B6D800659CF4 /* FromTheAshes.plist */ = {isa = PBXFileReference; fileEncoding = 4; lastKnownFileType = text.plist.xml; path = FromTheAshes.plist; sourceTree = "<group>"; };
		AD2FAA281CD0B6E100659CF4 /* FromTheAshesTests.plist */ = {isa = PBXFileReference; fileEncoding = 4; lastKnownFileType = text.plist.xml; path = FromTheAshesTests.plist; sourceTree = "<group>"; };
/* End PBXFileReference section */

/* Begin PBXFrameworksBuildPhase section */
		4298C0DC1E4A027A00C6A6BE /* Frameworks */ = {
			isa = PBXFrameworksBuildPhase;
			buildActionMask = 2147483647;
			files = (
			);
			runOnlyForDeploymentPostprocessing = 0;
		};
		4298C0E71E4A027A00C6A6BE /* Frameworks */ = {
			isa = PBXFrameworksBuildPhase;
			buildActionMask = 2147483647;
			files = (
			);
			runOnlyForDeploymentPostprocessing = 0;
		};
		42CBFBD51E5B4AD300284603 /* Frameworks */ = {
			isa = PBXFrameworksBuildPhase;
			buildActionMask = 2147483647;
			files = (
				42CBFC081E5B4C3600284603 /* FromTheAshes.framework in Frameworks */,
				42CBFC071E5B4C3300284603 /* Starscream.framework in Frameworks */,
			);
			runOnlyForDeploymentPostprocessing = 0;
		};
		42CBFBE81E5B4AD300284603 /* Frameworks */ = {
			isa = PBXFrameworksBuildPhase;
			buildActionMask = 2147483647;
			files = (
			);
			runOnlyForDeploymentPostprocessing = 0;
		};
		42CBFBF31E5B4AD300284603 /* Frameworks */ = {
			isa = PBXFrameworksBuildPhase;
			buildActionMask = 2147483647;
			files = (
			);
			runOnlyForDeploymentPostprocessing = 0;
		};
		52D6D9781BEFF229002C0205 /* Frameworks */ = {
			isa = PBXFrameworksBuildPhase;
			buildActionMask = 2147483647;
			files = (
				4298C1001E4A04A100C6A6BE /* Starscream.framework in Frameworks */,
			);
			runOnlyForDeploymentPostprocessing = 0;
		};
		52D6D9831BEFF229002C0205 /* Frameworks */ = {
			isa = PBXFrameworksBuildPhase;
			buildActionMask = 2147483647;
			files = (
				52D6D9871BEFF229002C0205 /* FromTheAshes.framework in Frameworks */,
			);
			runOnlyForDeploymentPostprocessing = 0;
		};
/* End PBXFrameworksBuildPhase section */

/* Begin PBXGroup section */
		4298C1011E4A04AA00C6A6BE /* Sources */ = {
			isa = PBXGroup;
			children = (
				42CBFC181E5B4E9900284603 /* Extensions */,
				42CBFC0A1E5B4E5C00284603 /* Channel.swift */,
				42CBFC0B1E5B4E5C00284603 /* Event.swift */,
				42CBFC0C1E5B4E5C00284603 /* Presence.swift */,
				42CBFC0D1E5B4E5C00284603 /* Push.swift */,
				4298C0FD1E4A049400C6A6BE /* Socket.swift */,
				4203B8A11E60523F00E1C9C0 /* Response.swift */,
			);
			name = Sources;
			sourceTree = "<group>";
		};
		42CBFBD91E5B4AD300284603 /* Example */ = {
			isa = PBXGroup;
			children = (
				42CBFC211E5B6A9500284603 /* LaunchScreen.storyboard */,
				42CBFC1B1E5B6A3F00284603 /* Main.storyboard */,
				42CBFC121E5B4E7600284603 /* AppDelegate.swift */,
				42CBFC131E5B4E7600284603 /* Assets.xcassets */,
				42CBFC141E5B4E7600284603 /* ViewController.swift */,
				42CBFC231E5B6AC800284603 /* Info.plist */,
			);
			path = Example;
			sourceTree = "<group>";
		};
		42CBFBEE1E5B4AD300284603 /* ExampleTests */ = {
			isa = PBXGroup;
			children = (
				42CBFBEF1E5B4AD300284603 /* ExampleTests.swift */,
				42CBFBF11E5B4AD300284603 /* Info.plist */,
			);
			path = ExampleTests;
			sourceTree = "<group>";
		};
		42CBFBF91E5B4AD300284603 /* ExampleUITests */ = {
			isa = PBXGroup;
			children = (
				42CBFBFA1E5B4AD300284603 /* ExampleUITests.swift */,
				42CBFBFC1E5B4AD300284603 /* Info.plist */,
			);
			path = ExampleUITests;
			sourceTree = "<group>";
		};
		42CBFC181E5B4E9900284603 /* Extensions */ = {
			isa = PBXGroup;
			children = (
				42CBFC251E5B782C00284603 /* Socket+Heartbeat.swift */,
				42CBFC191E5B4EAD00284603 /* URL+Params.swift */,
			);
			name = Extensions;
			path = Sources/Extensions;
			sourceTree = "<group>";
		};
		52D6D9721BEFF229002C0205 = {
			isa = PBXGroup;
			children = (
				4298C0FF1E4A04A100C6A6BE /* Starscream.framework */,
				4298C1011E4A04AA00C6A6BE /* Sources */,
				52D6D9971BEFF375002C0205 /* FromTheAshesTests.swift */,
				52D6D99C1BEFF38C002C0205 /* Configs */,
				42CBFBD91E5B4AD300284603 /* Example */,
				42CBFBEE1E5B4AD300284603 /* ExampleTests */,
				42CBFBF91E5B4AD300284603 /* ExampleUITests */,
				52D6D97D1BEFF229002C0205 /* Products */,
			);
			sourceTree = "<group>";
		};
		52D6D97D1BEFF229002C0205 /* Products */ = {
			isa = PBXGroup;
			children = (
				52D6D97C1BEFF229002C0205 /* FromTheAshes.framework */,
				52D6D9861BEFF229002C0205 /* FromTheAshes-iOS Tests.xctest */,
				4298C0DF1E4A027A00C6A6BE /* FromTheAshes-ExampleTests.xctest */,
				4298C0EA1E4A027A00C6A6BE /* FromTheAshes-ExampleUITests.xctest */,
				42CBFBD81E5B4AD300284603 /* Example.app */,
				42CBFBEB1E5B4AD300284603 /* ExampleTests.xctest */,
				42CBFBF61E5B4AD300284603 /* ExampleUITests.xctest */,
			);
			name = Products;
			sourceTree = "<group>";
		};
		52D6D99C1BEFF38C002C0205 /* Configs */ = {
			isa = PBXGroup;
			children = (
				DD7502721C68FC1B006590AF /* Frameworks */,
				DD7502731C68FC20006590AF /* Tests */,
			);
			path = Configs;
			sourceTree = "<group>";
		};
		DD7502721C68FC1B006590AF /* Frameworks */ = {
			isa = PBXGroup;
			children = (
				AD2FAA261CD0B6D800659CF4 /* FromTheAshes.plist */,
			);
			name = Frameworks;
			sourceTree = "<group>";
		};
		DD7502731C68FC20006590AF /* Tests */ = {
			isa = PBXGroup;
			children = (
				AD2FAA281CD0B6E100659CF4 /* FromTheAshesTests.plist */,
			);
			name = Tests;
			sourceTree = "<group>";
		};
/* End PBXGroup section */

/* Begin PBXHeadersBuildPhase section */
		52D6D9791BEFF229002C0205 /* Headers */ = {
			isa = PBXHeadersBuildPhase;
			buildActionMask = 2147483647;
			files = (
			);
			runOnlyForDeploymentPostprocessing = 0;
		};
/* End PBXHeadersBuildPhase section */

/* Begin PBXNativeTarget section */
		4298C0DE1E4A027A00C6A6BE /* FromTheAshes-ExampleTests */ = {
			isa = PBXNativeTarget;
			buildConfigurationList = 4298C0F81E4A027A00C6A6BE /* Build configuration list for PBXNativeTarget "FromTheAshes-ExampleTests" */;
			buildPhases = (
				4298C0DB1E4A027A00C6A6BE /* Sources */,
				4298C0DC1E4A027A00C6A6BE /* Frameworks */,
				4298C0DD1E4A027A00C6A6BE /* Resources */,
			);
			buildRules = (
			);
			dependencies = (
			);
			name = "FromTheAshes-ExampleTests";
			productName = "FromTheAshes-ExampleTests";
			productReference = 4298C0DF1E4A027A00C6A6BE /* FromTheAshes-ExampleTests.xctest */;
			productType = "com.apple.product-type.bundle.unit-test";
		};
		4298C0E91E4A027A00C6A6BE /* FromTheAshes-ExampleUITests */ = {
			isa = PBXNativeTarget;
			buildConfigurationList = 4298C0F91E4A027A00C6A6BE /* Build configuration list for PBXNativeTarget "FromTheAshes-ExampleUITests" */;
			buildPhases = (
				4298C0E61E4A027A00C6A6BE /* Sources */,
				4298C0E71E4A027A00C6A6BE /* Frameworks */,
				4298C0E81E4A027A00C6A6BE /* Resources */,
			);
			buildRules = (
			);
			dependencies = (
			);
			name = "FromTheAshes-ExampleUITests";
			productName = "FromTheAshes-ExampleUITests";
			productReference = 4298C0EA1E4A027A00C6A6BE /* FromTheAshes-ExampleUITests.xctest */;
			productType = "com.apple.product-type.bundle.ui-testing";
		};
		42CBFBD71E5B4AD300284603 /* Example */ = {
			isa = PBXNativeTarget;
			buildConfigurationList = 42CBFBFD1E5B4AD300284603 /* Build configuration list for PBXNativeTarget "Example" */;
			buildPhases = (
				42CBFBD41E5B4AD300284603 /* Sources */,
				42CBFBD51E5B4AD300284603 /* Frameworks */,
				42CBFBD61E5B4AD300284603 /* Resources */,
				42CBFC091E5B4C5200284603 /* ShellScript */,
			);
			buildRules = (
			);
			dependencies = (
			);
			name = Example;
			productName = Example;
			productReference = 42CBFBD81E5B4AD300284603 /* Example.app */;
			productType = "com.apple.product-type.application";
		};
		42CBFBEA1E5B4AD300284603 /* ExampleTests */ = {
			isa = PBXNativeTarget;
			buildConfigurationList = 42CBFC001E5B4AD300284603 /* Build configuration list for PBXNativeTarget "ExampleTests" */;
			buildPhases = (
				42CBFBE71E5B4AD300284603 /* Sources */,
				42CBFBE81E5B4AD300284603 /* Frameworks */,
				42CBFBE91E5B4AD300284603 /* Resources */,
			);
			buildRules = (
			);
			dependencies = (
				42CBFBED1E5B4AD300284603 /* PBXTargetDependency */,
			);
			name = ExampleTests;
			productName = ExampleTests;
			productReference = 42CBFBEB1E5B4AD300284603 /* ExampleTests.xctest */;
			productType = "com.apple.product-type.bundle.unit-test";
		};
		42CBFBF51E5B4AD300284603 /* ExampleUITests */ = {
			isa = PBXNativeTarget;
			buildConfigurationList = 42CBFC031E5B4AD300284603 /* Build configuration list for PBXNativeTarget "ExampleUITests" */;
			buildPhases = (
				42CBFBF21E5B4AD300284603 /* Sources */,
				42CBFBF31E5B4AD300284603 /* Frameworks */,
				42CBFBF41E5B4AD300284603 /* Resources */,
			);
			buildRules = (
			);
			dependencies = (
				42CBFBF81E5B4AD300284603 /* PBXTargetDependency */,
			);
			name = ExampleUITests;
			productName = ExampleUITests;
			productReference = 42CBFBF61E5B4AD300284603 /* ExampleUITests.xctest */;
			productType = "com.apple.product-type.bundle.ui-testing";
		};
		52D6D97B1BEFF229002C0205 /* FromTheAshes-iOS */ = {
			isa = PBXNativeTarget;
			buildConfigurationList = 52D6D9901BEFF229002C0205 /* Build configuration list for PBXNativeTarget "FromTheAshes-iOS" */;
			buildPhases = (
				52D6D9771BEFF229002C0205 /* Sources */,
				52D6D9781BEFF229002C0205 /* Frameworks */,
				52D6D9791BEFF229002C0205 /* Headers */,
				52D6D97A1BEFF229002C0205 /* Resources */,
			);
			buildRules = (
			);
			dependencies = (
			);
			name = "FromTheAshes-iOS";
			productName = FromTheAshes;
			productReference = 52D6D97C1BEFF229002C0205 /* FromTheAshes.framework */;
			productType = "com.apple.product-type.framework";
		};
		52D6D9851BEFF229002C0205 /* FromTheAshes-iOS Tests */ = {
			isa = PBXNativeTarget;
			buildConfigurationList = 52D6D9931BEFF229002C0205 /* Build configuration list for PBXNativeTarget "FromTheAshes-iOS Tests" */;
			buildPhases = (
				52D6D9821BEFF229002C0205 /* Sources */,
				52D6D9831BEFF229002C0205 /* Frameworks */,
				52D6D9841BEFF229002C0205 /* Resources */,
			);
			buildRules = (
			);
			dependencies = (
				52D6D9891BEFF229002C0205 /* PBXTargetDependency */,
			);
			name = "FromTheAshes-iOS Tests";
			productName = FromTheAshesTests;
			productReference = 52D6D9861BEFF229002C0205 /* FromTheAshes-iOS Tests.xctest */;
			productType = "com.apple.product-type.bundle.unit-test";
		};
/* End PBXNativeTarget section */

/* Begin PBXProject section */
		52D6D9731BEFF229002C0205 /* Project object */ = {
			isa = PBXProject;
			attributes = {
				LastSwiftUpdateCheck = 0820;
				LastUpgradeCheck = 0810;
				ORGANIZATIONNAME = FromTheAshes;
				TargetAttributes = {
					4298C0DE1E4A027A00C6A6BE = {
						CreatedOnToolsVersion = 8.2.1;
						ProvisioningStyle = Automatic;
						TestTargetID = 4298C0CB1E4A027A00C6A6BE;
					};
					4298C0E91E4A027A00C6A6BE = {
						CreatedOnToolsVersion = 8.2.1;
						ProvisioningStyle = Automatic;
						TestTargetID = 4298C0CB1E4A027A00C6A6BE;
					};
					42CBFBD71E5B4AD300284603 = {
						CreatedOnToolsVersion = 8.2.1;
						LastSwiftMigration = 0820;
						ProvisioningStyle = Automatic;
					};
					42CBFBEA1E5B4AD300284603 = {
						CreatedOnToolsVersion = 8.2.1;
						ProvisioningStyle = Automatic;
						TestTargetID = 42CBFBD71E5B4AD300284603;
					};
					42CBFBF51E5B4AD300284603 = {
						CreatedOnToolsVersion = 8.2.1;
						ProvisioningStyle = Automatic;
						TestTargetID = 42CBFBD71E5B4AD300284603;
					};
					52D6D97B1BEFF229002C0205 = {
						CreatedOnToolsVersion = 7.1;
						LastSwiftMigration = 0820;
					};
					52D6D9851BEFF229002C0205 = {
						CreatedOnToolsVersion = 7.1;
						LastSwiftMigration = 0800;
					};
				};
			};
			buildConfigurationList = 52D6D9761BEFF229002C0205 /* Build configuration list for PBXProject "FromTheAshes" */;
			compatibilityVersion = "Xcode 6.3";
			developmentRegion = English;
			hasScannedForEncodings = 0;
			knownRegions = (
				en,
				Base,
			);
			mainGroup = 52D6D9721BEFF229002C0205;
			productRefGroup = 52D6D97D1BEFF229002C0205 /* Products */;
			projectDirPath = "";
			projectRoot = "";
			targets = (
				52D6D97B1BEFF229002C0205 /* FromTheAshes-iOS */,
				52D6D9851BEFF229002C0205 /* FromTheAshes-iOS Tests */,
				4298C0DE1E4A027A00C6A6BE /* FromTheAshes-ExampleTests */,
				4298C0E91E4A027A00C6A6BE /* FromTheAshes-ExampleUITests */,
				42CBFBD71E5B4AD300284603 /* Example */,
				42CBFBEA1E5B4AD300284603 /* ExampleTests */,
				42CBFBF51E5B4AD300284603 /* ExampleUITests */,
			);
		};
/* End PBXProject section */

/* Begin PBXResourcesBuildPhase section */
		4298C0DD1E4A027A00C6A6BE /* Resources */ = {
			isa = PBXResourcesBuildPhase;
			buildActionMask = 2147483647;
			files = (
			);
			runOnlyForDeploymentPostprocessing = 0;
		};
		4298C0E81E4A027A00C6A6BE /* Resources */ = {
			isa = PBXResourcesBuildPhase;
			buildActionMask = 2147483647;
			files = (
			);
			runOnlyForDeploymentPostprocessing = 0;
		};
		42CBFBD61E5B4AD300284603 /* Resources */ = {
			isa = PBXResourcesBuildPhase;
			buildActionMask = 2147483647;
			files = (
				42CBFC241E5B6AC800284603 /* Info.plist in Resources */,
				42CBFC1C1E5B6A3F00284603 /* Main.storyboard in Resources */,
				42CBFC221E5B6A9500284603 /* LaunchScreen.storyboard in Resources */,
				42CBFC161E5B4E7600284603 /* Assets.xcassets in Resources */,
			);
			runOnlyForDeploymentPostprocessing = 0;
		};
		42CBFBE91E5B4AD300284603 /* Resources */ = {
			isa = PBXResourcesBuildPhase;
			buildActionMask = 2147483647;
			files = (
			);
			runOnlyForDeploymentPostprocessing = 0;
		};
		42CBFBF41E5B4AD300284603 /* Resources */ = {
			isa = PBXResourcesBuildPhase;
			buildActionMask = 2147483647;
			files = (
			);
			runOnlyForDeploymentPostprocessing = 0;
		};
		52D6D97A1BEFF229002C0205 /* Resources */ = {
			isa = PBXResourcesBuildPhase;
			buildActionMask = 2147483647;
			files = (
			);
			runOnlyForDeploymentPostprocessing = 0;
		};
		52D6D9841BEFF229002C0205 /* Resources */ = {
			isa = PBXResourcesBuildPhase;
			buildActionMask = 2147483647;
			files = (
			);
			runOnlyForDeploymentPostprocessing = 0;
		};
/* End PBXResourcesBuildPhase section */

/* Begin PBXShellScriptBuildPhase section */
		42CBFC091E5B4C5200284603 /* ShellScript */ = {
			isa = PBXShellScriptBuildPhase;
			buildActionMask = 2147483647;
			files = (
			);
			inputPaths = (
				"$(SRCROOT)/Carthage/Build/iOS/Starscream.framework",
			);
			outputPaths = (
			);
			runOnlyForDeploymentPostprocessing = 0;
			shellPath = /bin/sh;
			shellScript = "/usr/local/bin/carthage copy-frameworks";
		};
/* End PBXShellScriptBuildPhase section */

/* Begin PBXSourcesBuildPhase section */
		4298C0DB1E4A027A00C6A6BE /* Sources */ = {
			isa = PBXSourcesBuildPhase;
			buildActionMask = 2147483647;
			files = (
			);
			runOnlyForDeploymentPostprocessing = 0;
		};
		4298C0E61E4A027A00C6A6BE /* Sources */ = {
			isa = PBXSourcesBuildPhase;
			buildActionMask = 2147483647;
			files = (
			);
			runOnlyForDeploymentPostprocessing = 0;
		};
		42CBFBD41E5B4AD300284603 /* Sources */ = {
			isa = PBXSourcesBuildPhase;
			buildActionMask = 2147483647;
			files = (
				42CBFC171E5B4E7600284603 /* ViewController.swift in Sources */,
				42CBFC151E5B4E7600284603 /* AppDelegate.swift in Sources */,
			);
			runOnlyForDeploymentPostprocessing = 0;
		};
		42CBFBE71E5B4AD300284603 /* Sources */ = {
			isa = PBXSourcesBuildPhase;
			buildActionMask = 2147483647;
			files = (
				42CBFBF01E5B4AD300284603 /* ExampleTests.swift in Sources */,
			);
			runOnlyForDeploymentPostprocessing = 0;
		};
		42CBFBF21E5B4AD300284603 /* Sources */ = {
			isa = PBXSourcesBuildPhase;
			buildActionMask = 2147483647;
			files = (
				42CBFBFB1E5B4AD300284603 /* ExampleUITests.swift in Sources */,
			);
			runOnlyForDeploymentPostprocessing = 0;
		};
		52D6D9771BEFF229002C0205 /* Sources */ = {
			isa = PBXSourcesBuildPhase;
			buildActionMask = 2147483647;
			files = (
				4203B8A21E60523F00E1C9C0 /* Response.swift in Sources */,
				4298C0FE1E4A049400C6A6BE /* Socket.swift in Sources */,
				42CBFC111E5B4E5C00284603 /* Push.swift in Sources */,
				42CBFC0F1E5B4E5C00284603 /* Event.swift in Sources */,
				42CBFC101E5B4E5C00284603 /* Presence.swift in Sources */,
				42CBFC0E1E5B4E5C00284603 /* Channel.swift in Sources */,
				42CBFC271E5B783D00284603 /* Socket+Heartbeat.swift in Sources */,
				42CBFC1A1E5B4EAD00284603 /* URL+Params.swift in Sources */,
			);
			runOnlyForDeploymentPostprocessing = 0;
		};
		52D6D9821BEFF229002C0205 /* Sources */ = {
			isa = PBXSourcesBuildPhase;
			buildActionMask = 2147483647;
			files = (
				52D6D99B1BEFF375002C0205 /* FromTheAshesTests.swift in Sources */,
			);
			runOnlyForDeploymentPostprocessing = 0;
		};
/* End PBXSourcesBuildPhase section */

/* Begin PBXTargetDependency section */
		42CBFBED1E5B4AD300284603 /* PBXTargetDependency */ = {
			isa = PBXTargetDependency;
			target = 42CBFBD71E5B4AD300284603 /* Example */;
			targetProxy = 42CBFBEC1E5B4AD300284603 /* PBXContainerItemProxy */;
		};
		42CBFBF81E5B4AD300284603 /* PBXTargetDependency */ = {
			isa = PBXTargetDependency;
			target = 42CBFBD71E5B4AD300284603 /* Example */;
			targetProxy = 42CBFBF71E5B4AD300284603 /* PBXContainerItemProxy */;
		};
		52D6D9891BEFF229002C0205 /* PBXTargetDependency */ = {
			isa = PBXTargetDependency;
			target = 52D6D97B1BEFF229002C0205 /* FromTheAshes-iOS */;
			targetProxy = 52D6D9881BEFF229002C0205 /* PBXContainerItemProxy */;
		};
/* End PBXTargetDependency section */

/* Begin XCBuildConfiguration section */
		4298C0F31E4A027A00C6A6BE /* Debug */ = {
			isa = XCBuildConfiguration;
			buildSettings = {
				ALWAYS_EMBED_SWIFT_STANDARD_LIBRARIES = YES;
				BUNDLE_LOADER = "$(TEST_HOST)";
				CLANG_ANALYZER_NONNULL = YES;
				CLANG_WARN_DOCUMENTATION_COMMENTS = YES;
				INFOPLIST_FILE = "FromTheAshes-ExampleTests/Info.plist";
				IPHONEOS_DEPLOYMENT_TARGET = 10.2;
				LD_RUNPATH_SEARCH_PATHS = "$(inherited) @executable_path/Frameworks @loader_path/Frameworks";
				PRODUCT_BUNDLE_IDENTIFIER = "com.kayako.FromTheAshes-ExampleTests";
				PRODUCT_NAME = "$(TARGET_NAME)";
				SWIFT_ACTIVE_COMPILATION_CONDITIONS = DEBUG;
				SWIFT_VERSION = 3.0;
				TEST_HOST = "$(BUILT_PRODUCTS_DIR)/FromTheAshes-Example.app/FromTheAshes-Example";
			};
			name = Debug;
		};
		4298C0F41E4A027A00C6A6BE /* Release */ = {
			isa = XCBuildConfiguration;
			buildSettings = {
				ALWAYS_EMBED_SWIFT_STANDARD_LIBRARIES = YES;
				BUNDLE_LOADER = "$(TEST_HOST)";
				CLANG_ANALYZER_NONNULL = YES;
				CLANG_WARN_DOCUMENTATION_COMMENTS = YES;
				INFOPLIST_FILE = "FromTheAshes-ExampleTests/Info.plist";
				IPHONEOS_DEPLOYMENT_TARGET = 10.2;
				LD_RUNPATH_SEARCH_PATHS = "$(inherited) @executable_path/Frameworks @loader_path/Frameworks";
				PRODUCT_BUNDLE_IDENTIFIER = "com.kayako.FromTheAshes-ExampleTests";
				PRODUCT_NAME = "$(TARGET_NAME)";
				SWIFT_OPTIMIZATION_LEVEL = "-Owholemodule";
				SWIFT_VERSION = 3.0;
				TEST_HOST = "$(BUILT_PRODUCTS_DIR)/FromTheAshes-Example.app/FromTheAshes-Example";
			};
			name = Release;
		};
		4298C0F51E4A027A00C6A6BE /* Debug */ = {
			isa = XCBuildConfiguration;
			buildSettings = {
				ALWAYS_EMBED_SWIFT_STANDARD_LIBRARIES = YES;
				CLANG_ANALYZER_NONNULL = YES;
				CLANG_WARN_DOCUMENTATION_COMMENTS = YES;
				INFOPLIST_FILE = "FromTheAshes-ExampleUITests/Info.plist";
				IPHONEOS_DEPLOYMENT_TARGET = 10.2;
				LD_RUNPATH_SEARCH_PATHS = "$(inherited) @executable_path/Frameworks @loader_path/Frameworks";
				PRODUCT_BUNDLE_IDENTIFIER = "com.kayako.FromTheAshes-ExampleUITests";
				PRODUCT_NAME = "$(TARGET_NAME)";
				SWIFT_ACTIVE_COMPILATION_CONDITIONS = DEBUG;
				SWIFT_VERSION = 3.0;
				TEST_TARGET_NAME = "FromTheAshes-Example";
			};
			name = Debug;
		};
		4298C0F61E4A027A00C6A6BE /* Release */ = {
			isa = XCBuildConfiguration;
			buildSettings = {
				ALWAYS_EMBED_SWIFT_STANDARD_LIBRARIES = YES;
				CLANG_ANALYZER_NONNULL = YES;
				CLANG_WARN_DOCUMENTATION_COMMENTS = YES;
				INFOPLIST_FILE = "FromTheAshes-ExampleUITests/Info.plist";
				IPHONEOS_DEPLOYMENT_TARGET = 10.2;
				LD_RUNPATH_SEARCH_PATHS = "$(inherited) @executable_path/Frameworks @loader_path/Frameworks";
				PRODUCT_BUNDLE_IDENTIFIER = "com.kayako.FromTheAshes-ExampleUITests";
				PRODUCT_NAME = "$(TARGET_NAME)";
				SWIFT_OPTIMIZATION_LEVEL = "-Owholemodule";
				SWIFT_VERSION = 3.0;
				TEST_TARGET_NAME = "FromTheAshes-Example";
			};
			name = Release;
		};
		42CBFBFE1E5B4AD300284603 /* Debug */ = {
			isa = XCBuildConfiguration;
			buildSettings = {
				ASSETCATALOG_COMPILER_APPICON_NAME = AppIcon;
				CLANG_ANALYZER_NONNULL = YES;
				CLANG_ENABLE_MODULES = YES;
				CLANG_WARN_DOCUMENTATION_COMMENTS = YES;
				FRAMEWORK_SEARCH_PATHS = (
					"$(inherited)",
					"$(PROJECT_DIR)/Carthage/Build/iOS",
				);
				INFOPLIST_FILE = "$(SRCROOT)/Example/Example/Info.plist";
				IPHONEOS_DEPLOYMENT_TARGET = 10.2;
				LD_RUNPATH_SEARCH_PATHS = "$(inherited) @executable_path/Frameworks";
				PRODUCT_BUNDLE_IDENTIFIER = com.kayako.Example;
				PRODUCT_NAME = "$(TARGET_NAME)";
				SWIFT_ACTIVE_COMPILATION_CONDITIONS = DEBUG;
				SWIFT_OPTIMIZATION_LEVEL = "-Onone";
				SWIFT_VERSION = 3.0;
			};
			name = Debug;
		};
		42CBFBFF1E5B4AD300284603 /* Release */ = {
			isa = XCBuildConfiguration;
			buildSettings = {
				ASSETCATALOG_COMPILER_APPICON_NAME = AppIcon;
				CLANG_ANALYZER_NONNULL = YES;
				CLANG_ENABLE_MODULES = YES;
				CLANG_WARN_DOCUMENTATION_COMMENTS = YES;
				FRAMEWORK_SEARCH_PATHS = (
					"$(inherited)",
					"$(PROJECT_DIR)/Carthage/Build/iOS",
				);
				INFOPLIST_FILE = "$(SRCROOT)/Example/Example/Info.plist";
				IPHONEOS_DEPLOYMENT_TARGET = 10.2;
				LD_RUNPATH_SEARCH_PATHS = "$(inherited) @executable_path/Frameworks";
				PRODUCT_BUNDLE_IDENTIFIER = com.kayako.Example;
				PRODUCT_NAME = "$(TARGET_NAME)";
				SWIFT_OPTIMIZATION_LEVEL = "-Owholemodule";
				SWIFT_VERSION = 3.0;
			};
			name = Release;
		};
		42CBFC011E5B4AD300284603 /* Debug */ = {
			isa = XCBuildConfiguration;
			buildSettings = {
				ALWAYS_EMBED_SWIFT_STANDARD_LIBRARIES = YES;
				BUNDLE_LOADER = "$(TEST_HOST)";
				CLANG_ANALYZER_NONNULL = YES;
				CLANG_WARN_DOCUMENTATION_COMMENTS = YES;
				INFOPLIST_FILE = ExampleTests/Info.plist;
				IPHONEOS_DEPLOYMENT_TARGET = 10.2;
				LD_RUNPATH_SEARCH_PATHS = "$(inherited) @executable_path/Frameworks @loader_path/Frameworks";
				PRODUCT_BUNDLE_IDENTIFIER = com.kayako.ExampleTests;
				PRODUCT_NAME = "$(TARGET_NAME)";
				SWIFT_ACTIVE_COMPILATION_CONDITIONS = DEBUG;
				SWIFT_VERSION = 3.0;
				TEST_HOST = "$(BUILT_PRODUCTS_DIR)/Example.app/Example";
			};
			name = Debug;
		};
		42CBFC021E5B4AD300284603 /* Release */ = {
			isa = XCBuildConfiguration;
			buildSettings = {
				ALWAYS_EMBED_SWIFT_STANDARD_LIBRARIES = YES;
				BUNDLE_LOADER = "$(TEST_HOST)";
				CLANG_ANALYZER_NONNULL = YES;
				CLANG_WARN_DOCUMENTATION_COMMENTS = YES;
				INFOPLIST_FILE = ExampleTests/Info.plist;
				IPHONEOS_DEPLOYMENT_TARGET = 10.2;
				LD_RUNPATH_SEARCH_PATHS = "$(inherited) @executable_path/Frameworks @loader_path/Frameworks";
				PRODUCT_BUNDLE_IDENTIFIER = com.kayako.ExampleTests;
				PRODUCT_NAME = "$(TARGET_NAME)";
				SWIFT_OPTIMIZATION_LEVEL = "-Owholemodule";
				SWIFT_VERSION = 3.0;
				TEST_HOST = "$(BUILT_PRODUCTS_DIR)/Example.app/Example";
			};
			name = Release;
		};
		42CBFC041E5B4AD300284603 /* Debug */ = {
			isa = XCBuildConfiguration;
			buildSettings = {
				ALWAYS_EMBED_SWIFT_STANDARD_LIBRARIES = YES;
				CLANG_ANALYZER_NONNULL = YES;
				CLANG_WARN_DOCUMENTATION_COMMENTS = YES;
				INFOPLIST_FILE = ExampleUITests/Info.plist;
				IPHONEOS_DEPLOYMENT_TARGET = 10.2;
				LD_RUNPATH_SEARCH_PATHS = "$(inherited) @executable_path/Frameworks @loader_path/Frameworks";
				PRODUCT_BUNDLE_IDENTIFIER = com.kayako.ExampleUITests;
				PRODUCT_NAME = "$(TARGET_NAME)";
				SWIFT_ACTIVE_COMPILATION_CONDITIONS = DEBUG;
				SWIFT_VERSION = 3.0;
				TEST_TARGET_NAME = Example;
			};
			name = Debug;
		};
		42CBFC051E5B4AD300284603 /* Release */ = {
			isa = XCBuildConfiguration;
			buildSettings = {
				ALWAYS_EMBED_SWIFT_STANDARD_LIBRARIES = YES;
				CLANG_ANALYZER_NONNULL = YES;
				CLANG_WARN_DOCUMENTATION_COMMENTS = YES;
				INFOPLIST_FILE = ExampleUITests/Info.plist;
				IPHONEOS_DEPLOYMENT_TARGET = 10.2;
				LD_RUNPATH_SEARCH_PATHS = "$(inherited) @executable_path/Frameworks @loader_path/Frameworks";
				PRODUCT_BUNDLE_IDENTIFIER = com.kayako.ExampleUITests;
				PRODUCT_NAME = "$(TARGET_NAME)";
				SWIFT_OPTIMIZATION_LEVEL = "-Owholemodule";
				SWIFT_VERSION = 3.0;
				TEST_TARGET_NAME = Example;
			};
			name = Release;
		};
		52D6D98E1BEFF229002C0205 /* Debug */ = {
			isa = XCBuildConfiguration;
			buildSettings = {
				ALWAYS_SEARCH_USER_PATHS = NO;
				CLANG_CXX_LANGUAGE_STANDARD = "gnu++0x";
				CLANG_CXX_LIBRARY = "libc++";
				CLANG_ENABLE_MODULES = YES;
				CLANG_ENABLE_OBJC_ARC = YES;
				CLANG_WARN_BOOL_CONVERSION = YES;
				CLANG_WARN_CONSTANT_CONVERSION = YES;
				CLANG_WARN_DIRECT_OBJC_ISA_USAGE = YES_ERROR;
				CLANG_WARN_EMPTY_BODY = YES;
				CLANG_WARN_ENUM_CONVERSION = YES;
				CLANG_WARN_INFINITE_RECURSION = YES;
				CLANG_WARN_INT_CONVERSION = YES;
				CLANG_WARN_OBJC_ROOT_CLASS = YES_ERROR;
				CLANG_WARN_SUSPICIOUS_MOVE = YES;
				CLANG_WARN_UNREACHABLE_CODE = YES;
				CLANG_WARN__DUPLICATE_METHOD_MATCH = YES;
				"CODE_SIGN_IDENTITY[sdk=iphoneos*]" = "iPhone Developer";
				COPY_PHASE_STRIP = NO;
				CURRENT_PROJECT_VERSION = 1;
				DEBUG_INFORMATION_FORMAT = dwarf;
				ENABLE_STRICT_OBJC_MSGSEND = YES;
				ENABLE_TESTABILITY = YES;
				GCC_C_LANGUAGE_STANDARD = gnu99;
				GCC_DYNAMIC_NO_PIC = NO;
				GCC_NO_COMMON_BLOCKS = YES;
				GCC_OPTIMIZATION_LEVEL = 0;
				GCC_PREPROCESSOR_DEFINITIONS = (
					"DEBUG=1",
					"$(inherited)",
				);
				GCC_WARN_64_TO_32_BIT_CONVERSION = YES;
				GCC_WARN_ABOUT_RETURN_TYPE = YES_ERROR;
				GCC_WARN_UNDECLARED_SELECTOR = YES;
				GCC_WARN_UNINITIALIZED_AUTOS = YES_AGGRESSIVE;
				GCC_WARN_UNUSED_FUNCTION = YES;
				GCC_WARN_UNUSED_VARIABLE = YES;
				IPHONEOS_DEPLOYMENT_TARGET = 8.0;
				MTL_ENABLE_DEBUG_INFO = YES;
				ONLY_ACTIVE_ARCH = YES;
				SDKROOT = iphoneos;
				SWIFT_OPTIMIZATION_LEVEL = "-Onone";
				SWIFT_VERSION = 3.0;
				TARGETED_DEVICE_FAMILY = "1,2";
				VERSIONING_SYSTEM = "apple-generic";
				VERSION_INFO_PREFIX = "";
			};
			name = Debug;
		};
		52D6D98F1BEFF229002C0205 /* Release */ = {
			isa = XCBuildConfiguration;
			buildSettings = {
				ALWAYS_SEARCH_USER_PATHS = NO;
				CLANG_CXX_LANGUAGE_STANDARD = "gnu++0x";
				CLANG_CXX_LIBRARY = "libc++";
				CLANG_ENABLE_MODULES = YES;
				CLANG_ENABLE_OBJC_ARC = YES;
				CLANG_WARN_BOOL_CONVERSION = YES;
				CLANG_WARN_CONSTANT_CONVERSION = YES;
				CLANG_WARN_DIRECT_OBJC_ISA_USAGE = YES_ERROR;
				CLANG_WARN_EMPTY_BODY = YES;
				CLANG_WARN_ENUM_CONVERSION = YES;
				CLANG_WARN_INFINITE_RECURSION = YES;
				CLANG_WARN_INT_CONVERSION = YES;
				CLANG_WARN_OBJC_ROOT_CLASS = YES_ERROR;
				CLANG_WARN_SUSPICIOUS_MOVE = YES;
				CLANG_WARN_UNREACHABLE_CODE = YES;
				CLANG_WARN__DUPLICATE_METHOD_MATCH = YES;
				"CODE_SIGN_IDENTITY[sdk=iphoneos*]" = "iPhone Developer";
				COPY_PHASE_STRIP = NO;
				CURRENT_PROJECT_VERSION = 1;
				DEBUG_INFORMATION_FORMAT = "dwarf-with-dsym";
				ENABLE_NS_ASSERTIONS = NO;
				ENABLE_STRICT_OBJC_MSGSEND = YES;
				GCC_C_LANGUAGE_STANDARD = gnu99;
				GCC_NO_COMMON_BLOCKS = YES;
				GCC_WARN_64_TO_32_BIT_CONVERSION = YES;
				GCC_WARN_ABOUT_RETURN_TYPE = YES_ERROR;
				GCC_WARN_UNDECLARED_SELECTOR = YES;
				GCC_WARN_UNINITIALIZED_AUTOS = YES_AGGRESSIVE;
				GCC_WARN_UNUSED_FUNCTION = YES;
				GCC_WARN_UNUSED_VARIABLE = YES;
				IPHONEOS_DEPLOYMENT_TARGET = 8.0;
				MTL_ENABLE_DEBUG_INFO = NO;
				SDKROOT = iphoneos;
				SWIFT_VERSION = 3.0;
				TARGETED_DEVICE_FAMILY = "1,2";
				VALIDATE_PRODUCT = YES;
				VERSIONING_SYSTEM = "apple-generic";
				VERSION_INFO_PREFIX = "";
			};
			name = Release;
		};
		52D6D9911BEFF229002C0205 /* Debug */ = {
			isa = XCBuildConfiguration;
			buildSettings = {
				APPLICATION_EXTENSION_API_ONLY = YES;
				CLANG_ENABLE_MODULES = YES;
				"CODE_SIGN_IDENTITY[sdk=iphoneos*]" = "";
				DEFINES_MODULE = YES;
				DYLIB_COMPATIBILITY_VERSION = 1;
				DYLIB_CURRENT_VERSION = 1;
				DYLIB_INSTALL_NAME_BASE = "@rpath";
				FRAMEWORK_SEARCH_PATHS = (
					"$(inherited)",
					"$(PROJECT_DIR)/Carthage/Build/iOS",
				);
				INFOPLIST_FILE = Configs/FromTheAshes.plist;
				INSTALL_PATH = "$(LOCAL_LIBRARY_DIR)/Frameworks";
				IPHONEOS_DEPLOYMENT_TARGET = 8.0;
				LD_RUNPATH_SEARCH_PATHS = "$(inherited) @executable_path/Frameworks @loader_path/Frameworks";
				ONLY_ACTIVE_ARCH = NO;
				PRODUCT_BUNDLE_IDENTIFIER = "com.FromTheAshes.FromTheAshes-iOS";
				PRODUCT_NAME = FromTheAshes;
				SKIP_INSTALL = YES;
				SWIFT_OPTIMIZATION_LEVEL = "-Onone";
				SWIFT_VERSION = 3.0;
			};
			name = Debug;
		};
		52D6D9921BEFF229002C0205 /* Release */ = {
			isa = XCBuildConfiguration;
			buildSettings = {
				APPLICATION_EXTENSION_API_ONLY = YES;
				CLANG_ENABLE_MODULES = YES;
				"CODE_SIGN_IDENTITY[sdk=iphoneos*]" = "";
				DEFINES_MODULE = YES;
				DYLIB_COMPATIBILITY_VERSION = 1;
				DYLIB_CURRENT_VERSION = 1;
				DYLIB_INSTALL_NAME_BASE = "@rpath";
				FRAMEWORK_SEARCH_PATHS = (
					"$(inherited)",
					"$(PROJECT_DIR)/Carthage/Build/iOS",
				);
				INFOPLIST_FILE = Configs/FromTheAshes.plist;
				INSTALL_PATH = "$(LOCAL_LIBRARY_DIR)/Frameworks";
				IPHONEOS_DEPLOYMENT_TARGET = 8.0;
				LD_RUNPATH_SEARCH_PATHS = "$(inherited) @executable_path/Frameworks @loader_path/Frameworks";
				PRODUCT_BUNDLE_IDENTIFIER = "com.FromTheAshes.FromTheAshes-iOS";
				PRODUCT_NAME = FromTheAshes;
				SKIP_INSTALL = YES;
				SWIFT_OPTIMIZATION_LEVEL = "-Owholemodule";
				SWIFT_VERSION = 3.0;
			};
			name = Release;
		};
		52D6D9941BEFF229002C0205 /* Debug */ = {
			isa = XCBuildConfiguration;
			buildSettings = {
				ALWAYS_EMBED_SWIFT_STANDARD_LIBRARIES = YES;
				CLANG_ENABLE_MODULES = YES;
				INFOPLIST_FILE = Configs/FromTheAshesTests.plist;
				LD_RUNPATH_SEARCH_PATHS = "$(inherited) @executable_path/Frameworks @loader_path/Frameworks";
				PRODUCT_BUNDLE_IDENTIFIER = "com.FromTheAshes.FromTheAshes-iOS-Tests";
				PRODUCT_NAME = "$(TARGET_NAME)";
				SWIFT_OPTIMIZATION_LEVEL = "-Onone";
				SWIFT_VERSION = 3.0;
			};
			name = Debug;
		};
		52D6D9951BEFF229002C0205 /* Release */ = {
			isa = XCBuildConfiguration;
			buildSettings = {
				ALWAYS_EMBED_SWIFT_STANDARD_LIBRARIES = YES;
				CLANG_ENABLE_MODULES = YES;
				INFOPLIST_FILE = Configs/FromTheAshesTests.plist;
				LD_RUNPATH_SEARCH_PATHS = "$(inherited) @executable_path/Frameworks @loader_path/Frameworks";
				PRODUCT_BUNDLE_IDENTIFIER = "com.FromTheAshes.FromTheAshes-iOS-Tests";
				PRODUCT_NAME = "$(TARGET_NAME)";
				SWIFT_OPTIMIZATION_LEVEL = "-Owholemodule";
				SWIFT_VERSION = 3.0;
			};
			name = Release;
		};
/* End XCBuildConfiguration section */

/* Begin XCConfigurationList section */
		4298C0F81E4A027A00C6A6BE /* Build configuration list for PBXNativeTarget "FromTheAshes-ExampleTests" */ = {
			isa = XCConfigurationList;
			buildConfigurations = (
				4298C0F31E4A027A00C6A6BE /* Debug */,
				4298C0F41E4A027A00C6A6BE /* Release */,
			);
			defaultConfigurationIsVisible = 0;
			defaultConfigurationName = Release;
		};
		4298C0F91E4A027A00C6A6BE /* Build configuration list for PBXNativeTarget "FromTheAshes-ExampleUITests" */ = {
			isa = XCConfigurationList;
			buildConfigurations = (
				4298C0F51E4A027A00C6A6BE /* Debug */,
				4298C0F61E4A027A00C6A6BE /* Release */,
			);
			defaultConfigurationIsVisible = 0;
			defaultConfigurationName = Release;
		};
		42CBFBFD1E5B4AD300284603 /* Build configuration list for PBXNativeTarget "Example" */ = {
			isa = XCConfigurationList;
			buildConfigurations = (
				42CBFBFE1E5B4AD300284603 /* Debug */,
				42CBFBFF1E5B4AD300284603 /* Release */,
			);
			defaultConfigurationIsVisible = 0;
			defaultConfigurationName = Release;
		};
		42CBFC001E5B4AD300284603 /* Build configuration list for PBXNativeTarget "ExampleTests" */ = {
			isa = XCConfigurationList;
			buildConfigurations = (
				42CBFC011E5B4AD300284603 /* Debug */,
				42CBFC021E5B4AD300284603 /* Release */,
			);
			defaultConfigurationIsVisible = 0;
			defaultConfigurationName = Release;
		};
		42CBFC031E5B4AD300284603 /* Build configuration list for PBXNativeTarget "ExampleUITests" */ = {
			isa = XCConfigurationList;
			buildConfigurations = (
				42CBFC041E5B4AD300284603 /* Debug */,
				42CBFC051E5B4AD300284603 /* Release */,
			);
			defaultConfigurationIsVisible = 0;
			defaultConfigurationName = Release;
		};
		52D6D9761BEFF229002C0205 /* Build configuration list for PBXProject "FromTheAshes" */ = {
			isa = XCConfigurationList;
			buildConfigurations = (
				52D6D98E1BEFF229002C0205 /* Debug */,
				52D6D98F1BEFF229002C0205 /* Release */,
			);
			defaultConfigurationIsVisible = 0;
			defaultConfigurationName = Release;
		};
		52D6D9901BEFF229002C0205 /* Build configuration list for PBXNativeTarget "FromTheAshes-iOS" */ = {
			isa = XCConfigurationList;
			buildConfigurations = (
				52D6D9911BEFF229002C0205 /* Debug */,
				52D6D9921BEFF229002C0205 /* Release */,
			);
			defaultConfigurationIsVisible = 0;
			defaultConfigurationName = Release;
		};
		52D6D9931BEFF229002C0205 /* Build configuration list for PBXNativeTarget "FromTheAshes-iOS Tests" */ = {
			isa = XCConfigurationList;
			buildConfigurations = (
				52D6D9941BEFF229002C0205 /* Debug */,
				52D6D9951BEFF229002C0205 /* Release */,
			);
			defaultConfigurationIsVisible = 0;
			defaultConfigurationName = Release;
		};
/* End XCConfigurationList section */
	};
	rootObject = 52D6D9731BEFF229002C0205 /* Project object */;
}
